
Microsoft Visual Studio Solution File, Format Version 12.00
# Visual Studio Version 17
VisualStudioVersion = 17.3.32825.248
MinimumVisualStudioVersion = 10.0.40219.1
Project("{FAE04EC0-301F-11D3-BF4B-00C04F79EFBC}") = "SeleniumNonWebElements", "SeleniumNonWebElements\SeleniumNonWebElements.csproj", "{912CD620-7546-45CB-B05B-0515894D07F2}"
EndProject
Global
	GlobalSection(SolutionConfigurationPlatforms) = preSolution
		Debug|Any CPU = Debug|Any CPU
		Release|Any CPU = Release|Any CPU
	EndGlobalSection
	GlobalSection(ProjectConfigurationPlatforms) = postSolution
		{912CD620-7546-45CB-B05B-0515894D07F2}.Debug|Any CPU.ActiveCfg = Debug|Any CPU
		{912CD620-7546-45CB-B05B-0515894D07F2}.Debug|Any CPU.Build.0 = Debug|Any CPU
		{912CD620-7546-45CB-B05B-0515894D07F2}.Release|Any CPU.ActiveCfg = Release|Any CPU
		{912CD620-7546-45CB-B05B-0515894D07F2}.Release|Any CPU.Build.0 = Release|Any CPU
	EndGlobalSection
	GlobalSection(SolutionProperties) = preSolution
		HideSolutionNode = FALSE
	EndGlobalSection
	GlobalSection(ExtensibilityGlobals) = postSolution
		SolutionGuid = {E46B9594-F1D0-4AF5-87DC-48BD9F3A187B}
	EndGlobalSection
EndGlobal
